
Microsoft Visual Studio Solution File, Format Version 12.00
# Visual Studio 14
VisualStudioVersion = 14.0.25420.1
MinimumVisualStudioVersion = 10.0.40219.1
Project("{FAE04EC0-301F-11D3-BF4B-00C04F79EFBC}") = "FifteenPuzzle", "FifteenPuzzle\FifteenPuzzle.csproj", "{E02FD95D-5B34-4B03-933F-904EAB0A7294}"
EndProject
Project("{FAE04EC0-301F-11D3-BF4B-00C04F79EFBC}") = "Search", "Search\Search.csproj", "{B081B079-214A-4C6B-842B-83663FD8CEA9}"
EndProject
Global
	GlobalSection(SolutionConfigurationPlatforms) = preSolution
		Debug|Any CPU = Debug|Any CPU
		Release|Any CPU = Release|Any CPU
	EndGlobalSection
	GlobalSection(ProjectConfigurationPlatforms) = postSolution
		{E02FD95D-5B34-4B03-933F-904EAB0A7294}.Debug|Any CPU.ActiveCfg = Debug|Any CPU
		{E02FD95D-5B34-4B03-933F-904EAB0A7294}.Debug|Any CPU.Build.0 = Debug|Any CPU
		{E02FD95D-5B34-4B03-933F-904EAB0A7294}.Release|Any CPU.ActiveCfg = Release|Any CPU
		{E02FD95D-5B34-4B03-933F-904EAB0A7294}.Release|Any CPU.Build.0 = Release|Any CPU
		{B081B079-214A-4C6B-842B-83663FD8CEA9}.Debug|Any CPU.ActiveCfg = Debug|Any CPU
		{B081B079-214A-4C6B-842B-83663FD8CEA9}.Debug|Any CPU.Build.0 = Debug|Any CPU
		{B081B079-214A-4C6B-842B-83663FD8CEA9}.Release|Any CPU.ActiveCfg = Release|Any CPU
		{B081B079-214A-4C6B-842B-83663FD8CEA9}.Release|Any CPU.Build.0 = Release|Any CPU
	EndGlobalSection
	GlobalSection(SolutionProperties) = preSolution
		HideSolutionNode = FALSE
	EndGlobalSection
EndGlobal
